
Microsoft Visual Studio Solution File, Format Version 12.00
# Visual Studio Version 17
VisualStudioVersion = 17.11.35312.102
MinimumVisualStudioVersion = 10.0.40219.1
Project("{2150E333-8FDC-42A3-9474-1A3956D46DE8}") = "src", "src", "{3DB3C428-B22A-4A9B-A022-D7C2633A1AB2}"
EndProject
Project("{9A19103F-16F7-4668-BE54-9A1E7A4F7556}") = "ARManager", "src\ARManager\ARManager.csproj", "{1732854F-47ED-4DFB-A8F3-AE2D6E509A64}"
EndProject
Project("{2150E333-8FDC-42A3-9474-1A3956D46DE8}") = "Shared", "Shared", "{2AF6E702-CD1B-45D1-849C-FF64E1BDC2C8}"
EndProject
Project("{9A19103F-16F7-4668-BE54-9A1E7A4F7556}") = "Domain", "src\Shared\Domain\Domain.csproj", "{5F2CAC66-400C-4259-9667-D5CB9CF18F41}"
EndProject
Global
	GlobalSection(SolutionConfigurationPlatforms) = preSolution
		Debug|Any CPU = Debug|Any CPU
		Release|Any CPU = Release|Any CPU
	EndGlobalSection
	GlobalSection(ProjectConfigurationPlatforms) = postSolution
		{1732854F-47ED-4DFB-A8F3-AE2D6E509A64}.Debug|Any CPU.ActiveCfg = Debug|Any CPU
		{1732854F-47ED-4DFB-A8F3-AE2D6E509A64}.Debug|Any CPU.Build.0 = Debug|Any CPU
		{1732854F-47ED-4DFB-A8F3-AE2D6E509A64}.Release|Any CPU.ActiveCfg = Release|Any CPU
		{1732854F-47ED-4DFB-A8F3-AE2D6E509A64}.Release|Any CPU.Build.0 = Release|Any CPU
		{5F2CAC66-400C-4259-9667-D5CB9CF18F41}.Debug|Any CPU.ActiveCfg = Debug|Any CPU
		{5F2CAC66-400C-4259-9667-D5CB9CF18F41}.Debug|Any CPU.Build.0 = Debug|Any CPU
		{5F2CAC66-400C-4259-9667-D5CB9CF18F41}.Release|Any CPU.ActiveCfg = Release|Any CPU
		{5F2CAC66-400C-4259-9667-D5CB9CF18F41}.Release|Any CPU.Build.0 = Release|Any CPU
	EndGlobalSection
	GlobalSection(SolutionProperties) = preSolution
		HideSolutionNode = FALSE
	EndGlobalSection
	GlobalSection(NestedProjects) = preSolution
		{1732854F-47ED-4DFB-A8F3-AE2D6E509A64} = {3DB3C428-B22A-4A9B-A022-D7C2633A1AB2}
		{2AF6E702-CD1B-45D1-849C-FF64E1BDC2C8} = {3DB3C428-B22A-4A9B-A022-D7C2633A1AB2}
		{5F2CAC66-400C-4259-9667-D5CB9CF18F41} = {2AF6E702-CD1B-45D1-849C-FF64E1BDC2C8}
	EndGlobalSection
	GlobalSection(ExtensibilityGlobals) = postSolution
		SolutionGuid = {FB98F271-DCF0-40D8-882C-A1C015E22E02}
	EndGlobalSection
EndGlobal
